{
  "name": "spectra-workspace",
  "version": "0.1.3",
  "lockfileVersion": 3,
  "requires": true,
  "packages": {
    "": {
      "name": "spectra-workspace",
      "version": "0.1.3",
      "workspaces": [
        "packages/*"
      ],
      "engines": {
        "node": ">=20"
      }
    },
    "node_modules/@spectra/core": {
      "resolved": "packages/core",
      "link": true
    },
    "node_modules/@spectra/templates": {
      "resolved": "packages/templates",
      "link": true
    },
    "node_modules/spectra-pack": {
      "resolved": "packages/cli",
      "link": true
    },
    "node_modules/yaml": {
      "version": "2.8.2",
      "resolved": "https://registry.npmjs.org/yaml/-/yaml-2.8.2.tgz",
      "integrity": "sha512-mplynKqc1C2hTVYxd0PU2xQAc22TI1vShAYGksCCfxbn/dFwnHTNi1bvYsBTkhdUNtGIf5xNOg938rrSSYvS9A==",
      "license": "ISC",
      "bin": {
        "yaml": "bin.mjs"
      },
      "engines": {
        "node": ">= 14.6"
      },
      "funding": {
        "url": "https://github.com/sponsors/eemeli"
      }
    },
    "packages/cli": {
      "name": "spectra-pack",
      "version": "0.1.3",
      "license": "MIT",
      "dependencies": {
        "yaml": "^2.8.2"
      },
      "bin": {
        "spectra": "bin/spectra.js"
      },
      "engines": {
        "node": ">=20"
      }
    },
    "packages/core": {
      "name": "@spectra/core",
      "version": "0.1.3",
      "engines": {
        "node": ">=20"
      }
    },
    "packages/templates": {
      "name": "@spectra/templates",
      "version": "0.1.3",
      "engines": {
        "node": ">=20"
      }
    }
  }
}
